
Microsoft Visual Studio Solution File, Format Version 12.00
# Visual Studio Version 16
VisualStudioVersion = 16.0.31129.286
MinimumVisualStudioVersion = 10.0.40219.1
Project("{9A19103F-16F7-4668-BE54-9A1E7A4F7556}") = "ImmoDAL", "ImmoDAL\ImmoDAL.csproj", "{F9C52B59-5911-46EF-93F5-BC816E4FAAAA}"
EndProject
Project("{9A19103F-16F7-4668-BE54-9A1E7A4F7556}") = "ImmoBLL", "ImmoBLL\ImmoBLL.csproj", "{E8D6C397-5462-4A04-BF30-90E5E1B901E9}"
EndProject
Project("{9A19103F-16F7-4668-BE54-9A1E7A4F7556}") = "ImmoBLLTests", "ImmoBLLTests\ImmoBLLTests.csproj", "{6221DCD8-088C-4B1C-94FD-3EA7400CF211}"
EndProject
Project("{9A19103F-16F7-4668-BE54-9A1E7A4F7556}") = "ImmoMVC", "ImmoMVC\ImmoMVC.csproj", "{34986F9D-7BA3-4A66-B0A1-836C57A003E3}"
EndProject
Project("{FAE04EC0-301F-11D3-BF4B-00C04F79EFBC}") = "ImmoWebAPI", "ImmoWebAPI\ImmoWebAPI.csproj", "{EEA6CE2A-1360-47C2-AD78-2F300DE56DB5}"
EndProject
Global
	GlobalSection(SolutionConfigurationPlatforms) = preSolution
		Debug|Any CPU = Debug|Any CPU
		Release|Any CPU = Release|Any CPU
	EndGlobalSection
	GlobalSection(ProjectConfigurationPlatforms) = postSolution
		{F9C52B59-5911-46EF-93F5-BC816E4FAAAA}.Debug|Any CPU.ActiveCfg = Debug|Any CPU
		{F9C52B59-5911-46EF-93F5-BC816E4FAAAA}.Debug|Any CPU.Build.0 = Debug|Any CPU
		{F9C52B59-5911-46EF-93F5-BC816E4FAAAA}.Release|Any CPU.ActiveCfg = Release|Any CPU
		{F9C52B59-5911-46EF-93F5-BC816E4FAAAA}.Release|Any CPU.Build.0 = Release|Any CPU
		{E8D6C397-5462-4A04-BF30-90E5E1B901E9}.Debug|Any CPU.ActiveCfg = Debug|Any CPU
		{E8D6C397-5462-4A04-BF30-90E5E1B901E9}.Debug|Any CPU.Build.0 = Debug|Any CPU
		{E8D6C397-5462-4A04-BF30-90E5E1B901E9}.Release|Any CPU.ActiveCfg = Release|Any CPU
		{E8D6C397-5462-4A04-BF30-90E5E1B901E9}.Release|Any CPU.Build.0 = Release|Any CPU
		{6221DCD8-088C-4B1C-94FD-3EA7400CF211}.Debug|Any CPU.ActiveCfg = Debug|Any CPU
		{6221DCD8-088C-4B1C-94FD-3EA7400CF211}.Debug|Any CPU.Build.0 = Debug|Any CPU
		{6221DCD8-088C-4B1C-94FD-3EA7400CF211}.Release|Any CPU.ActiveCfg = Release|Any CPU
		{6221DCD8-088C-4B1C-94FD-3EA7400CF211}.Release|Any CPU.Build.0 = Release|Any CPU
		{34986F9D-7BA3-4A66-B0A1-836C57A003E3}.Debug|Any CPU.ActiveCfg = Debug|Any CPU
		{34986F9D-7BA3-4A66-B0A1-836C57A003E3}.Debug|Any CPU.Build.0 = Debug|Any CPU
		{34986F9D-7BA3-4A66-B0A1-836C57A003E3}.Release|Any CPU.ActiveCfg = Release|Any CPU
		{34986F9D-7BA3-4A66-B0A1-836C57A003E3}.Release|Any CPU.Build.0 = Release|Any CPU
		{EEA6CE2A-1360-47C2-AD78-2F300DE56DB5}.Debug|Any CPU.ActiveCfg = Debug|Any CPU
		{EEA6CE2A-1360-47C2-AD78-2F300DE56DB5}.Debug|Any CPU.Build.0 = Debug|Any CPU
		{EEA6CE2A-1360-47C2-AD78-2F300DE56DB5}.Release|Any CPU.ActiveCfg = Release|Any CPU
		{EEA6CE2A-1360-47C2-AD78-2F300DE56DB5}.Release|Any CPU.Build.0 = Release|Any CPU
	EndGlobalSection
	GlobalSection(SolutionProperties) = preSolution
		HideSolutionNode = FALSE
	EndGlobalSection
	GlobalSection(ExtensibilityGlobals) = postSolution
		SolutionGuid = {1ABAEDF2-E68D-4E08-B01D-D16339604BF0}
	EndGlobalSection
EndGlobal
